
Microsoft Visual Studio Solution File, Format Version 12.00
# Visual Studio 15
VisualStudioVersion = 15.0.26124.0
MinimumVisualStudioVersion = 15.0.26124.0
Project("{2150E333-8FDC-42A3-9474-1A3956D46DE8}") = "src", "src", "{67D65005-2AD4-4A9D-9463-FDC4384FFD4C}"
EndProject
Project("{FAE04EC0-301F-11D3-BF4B-00C04F79EFBC}") = "CommandAPI", "src\CommandAPI\CommandAPI.csproj", "{1D0EEC01-BF6F-4FB4-BD4F-3109A85BDA10}"
EndProject
Project("{FAE04EC0-301F-11D3-BF4B-00C04F79EFBC}") = "CommandAPILibrary", "src\CommandAPILibrary\CommandAPILibrary.csproj", "{623B78E3-5BA2-49A6-93D3-486287932229}"
EndProject
Project("{2150E333-8FDC-42A3-9474-1A3956D46DE8}") = "test", "test", "{920B8680-B0E3-45E6-AA46-7EBFBA533910}"
EndProject
Project("{FAE04EC0-301F-11D3-BF4B-00C04F79EFBC}") = "CommandAPI.Tests", "test\CommandAPI.Tests\CommandAPI.Tests.csproj", "{73774989-C3F1-4667-80A7-2A0E1FA30CDB}"
EndProject
Global
	GlobalSection(SolutionConfigurationPlatforms) = preSolution
		Debug|Any CPU = Debug|Any CPU
		Debug|x64 = Debug|x64
		Debug|x86 = Debug|x86
		Release|Any CPU = Release|Any CPU
		Release|x64 = Release|x64
		Release|x86 = Release|x86
	EndGlobalSection
	GlobalSection(SolutionProperties) = preSolution
		HideSolutionNode = FALSE
	EndGlobalSection
	GlobalSection(ProjectConfigurationPlatforms) = postSolution
		{1D0EEC01-BF6F-4FB4-BD4F-3109A85BDA10}.Debug|Any CPU.ActiveCfg = Debug|Any CPU
		{1D0EEC01-BF6F-4FB4-BD4F-3109A85BDA10}.Debug|Any CPU.Build.0 = Debug|Any CPU
		{1D0EEC01-BF6F-4FB4-BD4F-3109A85BDA10}.Debug|x64.ActiveCfg = Debug|Any CPU
		{1D0EEC01-BF6F-4FB4-BD4F-3109A85BDA10}.Debug|x64.Build.0 = Debug|Any CPU
		{1D0EEC01-BF6F-4FB4-BD4F-3109A85BDA10}.Debug|x86.ActiveCfg = Debug|Any CPU
		{1D0EEC01-BF6F-4FB4-BD4F-3109A85BDA10}.Debug|x86.Build.0 = Debug|Any CPU
		{1D0EEC01-BF6F-4FB4-BD4F-3109A85BDA10}.Release|Any CPU.ActiveCfg = Release|Any CPU
		{1D0EEC01-BF6F-4FB4-BD4F-3109A85BDA10}.Release|Any CPU.Build.0 = Release|Any CPU
		{1D0EEC01-BF6F-4FB4-BD4F-3109A85BDA10}.Release|x64.ActiveCfg = Release|Any CPU
		{1D0EEC01-BF6F-4FB4-BD4F-3109A85BDA10}.Release|x64.Build.0 = Release|Any CPU
		{1D0EEC01-BF6F-4FB4-BD4F-3109A85BDA10}.Release|x86.ActiveCfg = Release|Any CPU
		{1D0EEC01-BF6F-4FB4-BD4F-3109A85BDA10}.Release|x86.Build.0 = Release|Any CPU
		{623B78E3-5BA2-49A6-93D3-486287932229}.Debug|Any CPU.ActiveCfg = Debug|Any CPU
		{623B78E3-5BA2-49A6-93D3-486287932229}.Debug|Any CPU.Build.0 = Debug|Any CPU
		{623B78E3-5BA2-49A6-93D3-486287932229}.Debug|x64.ActiveCfg = Debug|Any CPU
		{623B78E3-5BA2-49A6-93D3-486287932229}.Debug|x64.Build.0 = Debug|Any CPU
		{623B78E3-5BA2-49A6-93D3-486287932229}.Debug|x86.ActiveCfg = Debug|Any CPU
		{623B78E3-5BA2-49A6-93D3-486287932229}.Debug|x86.Build.0 = Debug|Any CPU
		{623B78E3-5BA2-49A6-93D3-486287932229}.Release|Any CPU.ActiveCfg = Release|Any CPU
		{623B78E3-5BA2-49A6-93D3-486287932229}.Release|Any CPU.Build.0 = Release|Any CPU
		{623B78E3-5BA2-49A6-93D3-486287932229}.Release|x64.ActiveCfg = Release|Any CPU
		{623B78E3-5BA2-49A6-93D3-486287932229}.Release|x64.Build.0 = Release|Any CPU
		{623B78E3-5BA2-49A6-93D3-486287932229}.Release|x86.ActiveCfg = Release|Any CPU
		{623B78E3-5BA2-49A6-93D3-486287932229}.Release|x86.Build.0 = Release|Any CPU
		{73774989-C3F1-4667-80A7-2A0E1FA30CDB}.Debug|Any CPU.ActiveCfg = Debug|Any CPU
		{73774989-C3F1-4667-80A7-2A0E1FA30CDB}.Debug|Any CPU.Build.0 = Debug|Any CPU
		{73774989-C3F1-4667-80A7-2A0E1FA30CDB}.Debug|x64.ActiveCfg = Debug|Any CPU
		{73774989-C3F1-4667-80A7-2A0E1FA30CDB}.Debug|x64.Build.0 = Debug|Any CPU
		{73774989-C3F1-4667-80A7-2A0E1FA30CDB}.Debug|x86.ActiveCfg = Debug|Any CPU
		{73774989-C3F1-4667-80A7-2A0E1FA30CDB}.Debug|x86.Build.0 = Debug|Any CPU
		{73774989-C3F1-4667-80A7-2A0E1FA30CDB}.Release|Any CPU.ActiveCfg = Release|Any CPU
		{73774989-C3F1-4667-80A7-2A0E1FA30CDB}.Release|Any CPU.Build.0 = Release|Any CPU
		{73774989-C3F1-4667-80A7-2A0E1FA30CDB}.Release|x64.ActiveCfg = Release|Any CPU
		{73774989-C3F1-4667-80A7-2A0E1FA30CDB}.Release|x64.Build.0 = Release|Any CPU
		{73774989-C3F1-4667-80A7-2A0E1FA30CDB}.Release|x86.ActiveCfg = Release|Any CPU
		{73774989-C3F1-4667-80A7-2A0E1FA30CDB}.Release|x86.Build.0 = Release|Any CPU
	EndGlobalSection
	GlobalSection(NestedProjects) = preSolution
		{1D0EEC01-BF6F-4FB4-BD4F-3109A85BDA10} = {67D65005-2AD4-4A9D-9463-FDC4384FFD4C}
		{623B78E3-5BA2-49A6-93D3-486287932229} = {67D65005-2AD4-4A9D-9463-FDC4384FFD4C}
		{73774989-C3F1-4667-80A7-2A0E1FA30CDB} = {920B8680-B0E3-45E6-AA46-7EBFBA533910}
	EndGlobalSection
EndGlobal
